
Microsoft Visual Studio Solution File, Format Version 12.00
# Visual Studio Version 17
VisualStudioVersion = 17.13.35931.197
MinimumVisualStudioVersion = 10.0.40219.1
Project("{FAE04EC0-301F-11D3-BF4B-00C04F79EFBC}") = "AppNumeroDaSorte", "AppNumeroDaSorte\AppNumeroDaSorte.csproj", "{7B3647EC-61FC-440F-9E5A-898B638A2FEE}"
EndProject
Project("{2150E333-8FDC-42A3-9474-1A3956D46DE8}") = "App01", "App01", "{02EA681E-C7D8-13C7-8484-4AC65E1B71E8}"
EndProject
Project("{2150E333-8FDC-42A3-9474-1A3956D46DE8}") = "App02", "App02", "{761B26BF-A2C0-498F-B979-757FE9D852CB}"
EndProject
Project("{FAE04EC0-301F-11D3-BF4B-00C04F79EFBC}") = "AppContentPage", "AppContentPage\AppContentPage.csproj", "{932D87C1-05D0-48F6-B6F9-1854BDC66E51}"
EndProject
Project("{FAE04EC0-301F-11D3-BF4B-00C04F79EFBC}") = "AppNavigationPage", "AppNavigationPage\AppNavigationPage.csproj", "{9671CCCD-528E-4B86-AAE9-58317EDF8913}"
EndProject
Project("{FAE04EC0-301F-11D3-BF4B-00C04F79EFBC}") = "AppFlyoutPage", "AppFlyoutPage\AppFlyoutPage.csproj", "{21895866-FE7E-49A3-9582-652AE0534069}"
EndProject
Project("{FAE04EC0-301F-11D3-BF4B-00C04F79EFBC}") = "AppTabbedPage", "AppTabbedPage\AppTabbedPage.csproj", "{C7788D15-7200-4E82-BC9E-9FCC812D6E31}"
EndProject
Project("{2150E333-8FDC-42A3-9474-1A3956D46DE8}") = "App03", "App03", "{0A121811-6408-40E6-9930-59B614BB100A}"
EndProject
Project("{FAE04EC0-301F-11D3-BF4B-00C04F79EFBC}") = "AppMAUIGallery", "AppMAUIGallery\AppMAUIGallery.csproj", "{B95FE5F7-DAA4-4C76-A0B0-E6E930880127}"
EndProject
Project("{2150E333-8FDC-42A3-9474-1A3956D46DE8}") = "App04", "App04", "{9F098313-6307-414F-B5EF-97BE67A4F3F9}"
EndProject
Project("{FAE04EC0-301F-11D3-BF4B-00C04F79EFBC}") = "AppJogoForca", "AppJogoForca\AppJogoForca.csproj", "{0014FA8F-160C-44F5-8CEB-6E5567CE9D62}"
EndProject
Project("{2150E333-8FDC-42A3-9474-1A3956D46DE8}") = "App05", "App05", "{CD298410-07E8-4625-8CA8-EA2B43E3282C}"
EndProject
Project("{FAE04EC0-301F-11D3-BF4B-00C04F79EFBC}") = "AppTask", "AppTask\AppTask.csproj", "{745369F8-49C7-450A-AE87-4509835FEADC}"
EndProject
Project("{FAE04EC0-301F-11D3-BF4B-00C04F79EFBC}") = "AppTask.Models", "AppTask.Models\AppTask.Models.csproj", "{3D7B18A1-8FAE-4C43-938A-831042F9C06A}"
EndProject
Project("{FAE04EC0-301F-11D3-BF4B-00C04F79EFBC}") = "AppTask.Database.Migration.Runtime", "AppTask.Database.Migration.Runtime\AppTask.Database.Migration.Runtime.csproj", "{3B84FB84-6248-4337-84BB-918A3DDCBD3B}"
EndProject
Project("{FAE04EC0-301F-11D3-BF4B-00C04F79EFBC}") = "AppTask.Database", "AppTask.Database\AppTask.Database.csproj", "{73EA7B61-DD94-4352-AE24-2FA74720D33E}"
EndProject
Project("{2150E333-8FDC-42A3-9474-1A3956D46DE8}") = "Util", "Util", "{158B087F-DA57-4BAC-9A2B-370F601929BC}"
EndProject
Project("{2150E333-8FDC-42A3-9474-1A3956D46DE8}") = "App06", "App06", "{D4472DDD-55E8-4D97-8076-24D05FD63790}"
EndProject
Project("{FAE04EC0-301F-11D3-BF4B-00C04F79EFBC}") = "AppMVVM", "AppMVVM\AppMVVM.csproj", "{A04CC8A7-ACA9-42C8-B184-E69939D7C86A}"
EndProject
Project("{FAE04EC0-301F-11D3-BF4B-00C04F79EFBC}") = "AppMVVMCommunityToolkit", "AppMVVMCommunityToolkit\AppMVVMCommunityToolkit.csproj", "{1AB83B1C-7C59-4363-9182-BAB65A3276D2}"
EndProject
Global
	GlobalSection(SolutionConfigurationPlatforms) = preSolution
		Debug|Any CPU = Debug|Any CPU
		Release|Any CPU = Release|Any CPU
	EndGlobalSection
	GlobalSection(ProjectConfigurationPlatforms) = postSolution
		{7B3647EC-61FC-440F-9E5A-898B638A2FEE}.Debug|Any CPU.ActiveCfg = Debug|Any CPU
		{7B3647EC-61FC-440F-9E5A-898B638A2FEE}.Debug|Any CPU.Build.0 = Debug|Any CPU
		{7B3647EC-61FC-440F-9E5A-898B638A2FEE}.Debug|Any CPU.Deploy.0 = Debug|Any CPU
		{7B3647EC-61FC-440F-9E5A-898B638A2FEE}.Release|Any CPU.ActiveCfg = Release|Any CPU
		{7B3647EC-61FC-440F-9E5A-898B638A2FEE}.Release|Any CPU.Build.0 = Release|Any CPU
		{932D87C1-05D0-48F6-B6F9-1854BDC66E51}.Debug|Any CPU.ActiveCfg = Debug|Any CPU
		{932D87C1-05D0-48F6-B6F9-1854BDC66E51}.Debug|Any CPU.Build.0 = Debug|Any CPU
		{932D87C1-05D0-48F6-B6F9-1854BDC66E51}.Release|Any CPU.ActiveCfg = Release|Any CPU
		{932D87C1-05D0-48F6-B6F9-1854BDC66E51}.Release|Any CPU.Build.0 = Release|Any CPU
		{9671CCCD-528E-4B86-AAE9-58317EDF8913}.Debug|Any CPU.ActiveCfg = Debug|Any CPU
		{9671CCCD-528E-4B86-AAE9-58317EDF8913}.Debug|Any CPU.Build.0 = Debug|Any CPU
		{9671CCCD-528E-4B86-AAE9-58317EDF8913}.Release|Any CPU.ActiveCfg = Release|Any CPU
		{9671CCCD-528E-4B86-AAE9-58317EDF8913}.Release|Any CPU.Build.0 = Release|Any CPU
		{21895866-FE7E-49A3-9582-652AE0534069}.Debug|Any CPU.ActiveCfg = Debug|Any CPU
		{21895866-FE7E-49A3-9582-652AE0534069}.Debug|Any CPU.Build.0 = Debug|Any CPU
		{21895866-FE7E-49A3-9582-652AE0534069}.Debug|Any CPU.Deploy.0 = Debug|Any CPU
		{21895866-FE7E-49A3-9582-652AE0534069}.Release|Any CPU.ActiveCfg = Release|Any CPU
		{21895866-FE7E-49A3-9582-652AE0534069}.Release|Any CPU.Build.0 = Release|Any CPU
		{C7788D15-7200-4E82-BC9E-9FCC812D6E31}.Debug|Any CPU.ActiveCfg = Debug|Any CPU
		{C7788D15-7200-4E82-BC9E-9FCC812D6E31}.Debug|Any CPU.Build.0 = Debug|Any CPU
		{C7788D15-7200-4E82-BC9E-9FCC812D6E31}.Debug|Any CPU.Deploy.0 = Debug|Any CPU
		{C7788D15-7200-4E82-BC9E-9FCC812D6E31}.Release|Any CPU.ActiveCfg = Release|Any CPU
		{C7788D15-7200-4E82-BC9E-9FCC812D6E31}.Release|Any CPU.Build.0 = Release|Any CPU
		{B95FE5F7-DAA4-4C76-A0B0-E6E930880127}.Debug|Any CPU.ActiveCfg = Debug|Any CPU
		{B95FE5F7-DAA4-4C76-A0B0-E6E930880127}.Debug|Any CPU.Build.0 = Debug|Any CPU
		{B95FE5F7-DAA4-4C76-A0B0-E6E930880127}.Debug|Any CPU.Deploy.0 = Debug|Any CPU
		{B95FE5F7-DAA4-4C76-A0B0-E6E930880127}.Release|Any CPU.ActiveCfg = Release|Any CPU
		{B95FE5F7-DAA4-4C76-A0B0-E6E930880127}.Release|Any CPU.Build.0 = Release|Any CPU
		{0014FA8F-160C-44F5-8CEB-6E5567CE9D62}.Debug|Any CPU.ActiveCfg = Debug|Any CPU
		{0014FA8F-160C-44F5-8CEB-6E5567CE9D62}.Debug|Any CPU.Build.0 = Debug|Any CPU
		{0014FA8F-160C-44F5-8CEB-6E5567CE9D62}.Release|Any CPU.ActiveCfg = Release|Any CPU
		{0014FA8F-160C-44F5-8CEB-6E5567CE9D62}.Release|Any CPU.Build.0 = Release|Any CPU
		{745369F8-49C7-450A-AE87-4509835FEADC}.Debug|Any CPU.ActiveCfg = Debug|Any CPU
		{745369F8-49C7-450A-AE87-4509835FEADC}.Debug|Any CPU.Build.0 = Debug|Any CPU
		{745369F8-49C7-450A-AE87-4509835FEADC}.Debug|Any CPU.Deploy.0 = Debug|Any CPU
		{745369F8-49C7-450A-AE87-4509835FEADC}.Release|Any CPU.ActiveCfg = Release|Any CPU
		{745369F8-49C7-450A-AE87-4509835FEADC}.Release|Any CPU.Build.0 = Release|Any CPU
		{3D7B18A1-8FAE-4C43-938A-831042F9C06A}.Debug|Any CPU.ActiveCfg = Debug|Any CPU
		{3D7B18A1-8FAE-4C43-938A-831042F9C06A}.Debug|Any CPU.Build.0 = Debug|Any CPU
		{3D7B18A1-8FAE-4C43-938A-831042F9C06A}.Release|Any CPU.ActiveCfg = Release|Any CPU
		{3D7B18A1-8FAE-4C43-938A-831042F9C06A}.Release|Any CPU.Build.0 = Release|Any CPU
		{3B84FB84-6248-4337-84BB-918A3DDCBD3B}.Debug|Any CPU.ActiveCfg = Debug|Any CPU
		{3B84FB84-6248-4337-84BB-918A3DDCBD3B}.Debug|Any CPU.Build.0 = Debug|Any CPU
		{3B84FB84-6248-4337-84BB-918A3DDCBD3B}.Release|Any CPU.ActiveCfg = Release|Any CPU
		{3B84FB84-6248-4337-84BB-918A3DDCBD3B}.Release|Any CPU.Build.0 = Release|Any CPU
		{73EA7B61-DD94-4352-AE24-2FA74720D33E}.Debug|Any CPU.ActiveCfg = Debug|Any CPU
		{73EA7B61-DD94-4352-AE24-2FA74720D33E}.Debug|Any CPU.Build.0 = Debug|Any CPU
		{73EA7B61-DD94-4352-AE24-2FA74720D33E}.Release|Any CPU.ActiveCfg = Release|Any CPU
		{73EA7B61-DD94-4352-AE24-2FA74720D33E}.Release|Any CPU.Build.0 = Release|Any CPU
		{A04CC8A7-ACA9-42C8-B184-E69939D7C86A}.Debug|Any CPU.ActiveCfg = Debug|Any CPU
		{A04CC8A7-ACA9-42C8-B184-E69939D7C86A}.Debug|Any CPU.Build.0 = Debug|Any CPU
		{A04CC8A7-ACA9-42C8-B184-E69939D7C86A}.Release|Any CPU.ActiveCfg = Release|Any CPU
		{A04CC8A7-ACA9-42C8-B184-E69939D7C86A}.Release|Any CPU.Build.0 = Release|Any CPU
		{1AB83B1C-7C59-4363-9182-BAB65A3276D2}.Debug|Any CPU.ActiveCfg = Debug|Any CPU
		{1AB83B1C-7C59-4363-9182-BAB65A3276D2}.Debug|Any CPU.Build.0 = Debug|Any CPU
		{1AB83B1C-7C59-4363-9182-BAB65A3276D2}.Debug|Any CPU.Deploy.0 = Debug|Any CPU
		{1AB83B1C-7C59-4363-9182-BAB65A3276D2}.Release|Any CPU.ActiveCfg = Release|Any CPU
		{1AB83B1C-7C59-4363-9182-BAB65A3276D2}.Release|Any CPU.Build.0 = Release|Any CPU
	EndGlobalSection
	GlobalSection(SolutionProperties) = preSolution
		HideSolutionNode = FALSE
	EndGlobalSection
	GlobalSection(NestedProjects) = preSolution
		{7B3647EC-61FC-440F-9E5A-898B638A2FEE} = {02EA681E-C7D8-13C7-8484-4AC65E1B71E8}
		{932D87C1-05D0-48F6-B6F9-1854BDC66E51} = {761B26BF-A2C0-498F-B979-757FE9D852CB}
		{9671CCCD-528E-4B86-AAE9-58317EDF8913} = {761B26BF-A2C0-498F-B979-757FE9D852CB}
		{21895866-FE7E-49A3-9582-652AE0534069} = {761B26BF-A2C0-498F-B979-757FE9D852CB}
		{C7788D15-7200-4E82-BC9E-9FCC812D6E31} = {761B26BF-A2C0-498F-B979-757FE9D852CB}
		{B95FE5F7-DAA4-4C76-A0B0-E6E930880127} = {0A121811-6408-40E6-9930-59B614BB100A}
		{0014FA8F-160C-44F5-8CEB-6E5567CE9D62} = {9F098313-6307-414F-B5EF-97BE67A4F3F9}
		{745369F8-49C7-450A-AE87-4509835FEADC} = {CD298410-07E8-4625-8CA8-EA2B43E3282C}
		{3D7B18A1-8FAE-4C43-938A-831042F9C06A} = {CD298410-07E8-4625-8CA8-EA2B43E3282C}
		{3B84FB84-6248-4337-84BB-918A3DDCBD3B} = {158B087F-DA57-4BAC-9A2B-370F601929BC}
		{73EA7B61-DD94-4352-AE24-2FA74720D33E} = {CD298410-07E8-4625-8CA8-EA2B43E3282C}
		{158B087F-DA57-4BAC-9A2B-370F601929BC} = {CD298410-07E8-4625-8CA8-EA2B43E3282C}
		{A04CC8A7-ACA9-42C8-B184-E69939D7C86A} = {D4472DDD-55E8-4D97-8076-24D05FD63790}
		{1AB83B1C-7C59-4363-9182-BAB65A3276D2} = {D4472DDD-55E8-4D97-8076-24D05FD63790}
	EndGlobalSection
	GlobalSection(ExtensibilityGlobals) = postSolution
		SolutionGuid = {6D27FB77-4B2B-4057-9413-BB37972C03E6}
	EndGlobalSection
EndGlobal
